
Microsoft Visual Studio Solution File, Format Version 12.00
Project("{FAE04EC0-301F-11D3-BF4B-00C04F79EFBC}") = "Marketplace.API", "Marketplace.API\Marketplace.API.csproj", "{EF500855-9595-4410-B3B7-46C79A7E6281}"
EndProject
Project("{FAE04EC0-301F-11D3-BF4B-00C04F79EFBC}") = "Marketplace.Domain", "Marketplace.Domain\Marketplace.Domain.csproj", "{40F7D4BB-3E73-4764-8061-9343A7A0C3A3}"
EndProject
Project("{FAE04EC0-301F-11D3-BF4B-00C04F79EFBC}") = "Marketplace.Tests", "Marketplace.Tests\Marketplace.Tests.csproj", "{7E1F0C37-02D0-4025-8AC1-0038F31D470E}"
EndProject
Project("{FAE04EC0-301F-11D3-BF4B-00C04F79EFBC}") = "Marketplace.Framework", "Marketplace.Framework\Marketplace.Framework.csproj", "{06079AFD-A408-4AED-A520-810DB9DA8390}"
EndProject
Global
	GlobalSection(SolutionConfigurationPlatforms) = preSolution
		Debug|Any CPU = Debug|Any CPU
		Release|Any CPU = Release|Any CPU
	EndGlobalSection
	GlobalSection(ProjectConfigurationPlatforms) = postSolution
		{EF500855-9595-4410-B3B7-46C79A7E6281}.Debug|Any CPU.ActiveCfg = Debug|Any CPU
		{EF500855-9595-4410-B3B7-46C79A7E6281}.Debug|Any CPU.Build.0 = Debug|Any CPU
		{EF500855-9595-4410-B3B7-46C79A7E6281}.Release|Any CPU.ActiveCfg = Release|Any CPU
		{EF500855-9595-4410-B3B7-46C79A7E6281}.Release|Any CPU.Build.0 = Release|Any CPU
		{40F7D4BB-3E73-4764-8061-9343A7A0C3A3}.Debug|Any CPU.ActiveCfg = Debug|Any CPU
		{40F7D4BB-3E73-4764-8061-9343A7A0C3A3}.Debug|Any CPU.Build.0 = Debug|Any CPU
		{40F7D4BB-3E73-4764-8061-9343A7A0C3A3}.Release|Any CPU.ActiveCfg = Release|Any CPU
		{40F7D4BB-3E73-4764-8061-9343A7A0C3A3}.Release|Any CPU.Build.0 = Release|Any CPU
		{7E1F0C37-02D0-4025-8AC1-0038F31D470E}.Debug|Any CPU.ActiveCfg = Debug|Any CPU
		{7E1F0C37-02D0-4025-8AC1-0038F31D470E}.Debug|Any CPU.Build.0 = Debug|Any CPU
		{7E1F0C37-02D0-4025-8AC1-0038F31D470E}.Release|Any CPU.ActiveCfg = Release|Any CPU
		{7E1F0C37-02D0-4025-8AC1-0038F31D470E}.Release|Any CPU.Build.0 = Release|Any CPU
		{06079AFD-A408-4AED-A520-810DB9DA8390}.Debug|Any CPU.ActiveCfg = Debug|Any CPU
		{06079AFD-A408-4AED-A520-810DB9DA8390}.Debug|Any CPU.Build.0 = Debug|Any CPU
		{06079AFD-A408-4AED-A520-810DB9DA8390}.Release|Any CPU.ActiveCfg = Release|Any CPU
		{06079AFD-A408-4AED-A520-810DB9DA8390}.Release|Any CPU.Build.0 = Release|Any CPU
	EndGlobalSection
EndGlobal
